// !$*UTF8*$!
{
	archiveVersion = 1;
	classes = {
	};
	objectVersion = 55;
	objects = {

/* Begin PBXBuildFile section */
		D6A0A624279A3C7800FDFE0E /* AppDelegate.swift in Sources */ = {isa = PBXBuildFile; fileRef = D6A0A623279A3C7800FDFE0E /* AppDelegate.swift */; };
		D6A0A626279A3C7800FDFE0E /* SceneDelegate.swift in Sources */ = {isa = PBXBuildFile; fileRef = D6A0A625279A3C7800FDFE0E /* SceneDelegate.swift */; };
		D6A0A62B279A3C7800FDFE0E /* Main.storyboard in Resources */ = {isa = PBXBuildFile; fileRef = D6A0A629279A3C7800FDFE0E /* Main.storyboard */; };
		D6A0A62D279A3C7B00FDFE0E /* Assets.xcassets in Resources */ = {isa = PBXBuildFile; fileRef = D6A0A62C279A3C7B00FDFE0E /* Assets.xcassets */; };
		D6A0A630279A3C7B00FDFE0E /* LaunchScreen.storyboard in Resources */ = {isa = PBXBuildFile; fileRef = D6A0A62E279A3C7B00FDFE0E /* LaunchScreen.storyboard */; };
		D6A0A638279A4E2800FDFE0E /* ChartViewController.swift in Sources */ = {isa = PBXBuildFile; fileRef = D6A0A637279A4E2800FDFE0E /* ChartViewController.swift */; };
		D6A0A63A279A51DD00FDFE0E /* AppTableViewCell.swift in Sources */ = {isa = PBXBuildFile; fileRef = D6A0A639279A51DD00FDFE0E /* AppTableViewCell.swift */; };
		D6A0A63C279A524000FDFE0E /* FreeAppsTableViewController.swift in Sources */ = {isa = PBXBuildFile; fileRef = D6A0A63B279A524000FDFE0E /* FreeAppsTableViewController.swift */; };
		D6A0A63E279A531B00FDFE0E /* APIResponse.swift in Sources */ = {isa = PBXBuildFile; fileRef = D6A0A63D279A531B00FDFE0E /* APIResponse.swift */; };
		D6A0A642279A554F00FDFE0E /* PaidAppsTableViewController.swift in Sources */ = {isa = PBXBuildFile; fileRef = D6A0A641279A554F00FDFE0E /* PaidAppsTableViewController.swift */; };
		D6A0A644279A559100FDFE0E /* ChartController.swift in Sources */ = {isa = PBXBuildFile; fileRef = D6A0A643279A559100FDFE0E /* ChartController.swift */; };
		D6A0A648279A87D600FDFE0E /* TVCExtension.swift in Sources */ = {isa = PBXBuildFile; fileRef = D6A0A647279A87D500FDFE0E /* TVCExtension.swift */; };
		D6A0A64A279A8E5F00FDFE0E /* AppDetailController.swift in Sources */ = {isa = PBXBuildFile; fileRef = D6A0A649279A8E5F00FDFE0E /* AppDetailController.swift */; };
		D6A0A64E279AA50F00FDFE0E /* AppDetailTableViewController.swift in Sources */ = {isa = PBXBuildFile; fileRef = D6A0A64D279AA50F00FDFE0E /* AppDetailTableViewController.swift */; };
		D6A0A650279BAE6800FDFE0E /* AppPreviewCollectionViewCell.swift in Sources */ = {isa = PBXBuildFile; fileRef = D6A0A64F279BAE6800FDFE0E /* AppPreviewCollectionViewCell.swift */; };
		D6E94373279BE95600821A38 /* AppDetailExtension.swift in Sources */ = {isa = PBXBuildFile; fileRef = D6E94372279BE95600821A38 /* AppDetailExtension.swift */; };
/* End PBXBuildFile section */

/* Begin PBXFileReference section */
		D6A0A620279A3C7800FDFE0E /* Homework59AppStoreChart.app */ = {isa = PBXFileReference; explicitFileType = wrapper.application; includeInIndex = 0; path = Homework59AppStoreChart.app; sourceTree = BUILT_PRODUCTS_DIR; };
		D6A0A623279A3C7800FDFE0E /* AppDelegate.swift */ = {isa = PBXFileReference; lastKnownFileType = sourcecode.swift; path = AppDelegate.swift; sourceTree = "<group>"; };
		D6A0A625279A3C7800FDFE0E /* SceneDelegate.swift */ = {isa = PBXFileReference; lastKnownFileType = sourcecode.swift; path = SceneDelegate.swift; sourceTree = "<group>"; };
		D6A0A62A279A3C7800FDFE0E /* Base */ = {isa = PBXFileReference; lastKnownFileType = file.storyboard; name = Base; path = Base.lproj/Main.storyboard; sourceTree = "<group>"; };
		D6A0A62C279A3C7B00FDFE0E /* Assets.xcassets */ = {isa = PBXFileReference; lastKnownFileType = folder.assetcatalog; path = Assets.xcassets; sourceTree = "<group>"; };
		D6A0A62F279A3C7B00FDFE0E /* Base */ = {isa = PBXFileReference; lastKnownFileType = file.storyboard; name = Base; path = Base.lproj/LaunchScreen.storyboard; sourceTree = "<group>"; };
		D6A0A631279A3C7B00FDFE0E /* Info.plist */ = {isa = PBXFileReference; lastKnownFileType = text.plist.xml; path = Info.plist; sourceTree = "<group>"; };
		D6A0A637279A4E2800FDFE0E /* ChartViewController.swift */ = {isa = PBXFileReference; lastKnownFileType = sourcecode.swift; path = ChartViewController.swift; sourceTree = "<group>"; };
		D6A0A639279A51DD00FDFE0E /* AppTableViewCell.swift */ = {isa = PBXFileReference; lastKnownFileType = sourcecode.swift; path = AppTableViewCell.swift; sourceTree = "<group>"; };
		D6A0A63B279A524000FDFE0E /* FreeAppsTableViewController.swift */ = {isa = PBXFileReference; lastKnownFileType = sourcecode.swift; path = FreeAppsTableViewController.swift; sourceTree = "<group>"; };
		D6A0A63D279A531B00FDFE0E /* APIResponse.swift */ = {isa = PBXFileReference; lastKnownFileType = sourcecode.swift; path = APIResponse.swift; sourceTree = "<group>"; };
		D6A0A641279A554F00FDFE0E /* PaidAppsTableViewController.swift */ = {isa = PBXFileReference; lastKnownFileType = sourcecode.swift; path = PaidAppsTableViewController.swift; sourceTree = "<group>"; };
		D6A0A643279A559100FDFE0E /* ChartController.swift */ = {isa = PBXFileReference; lastKnownFileType = sourcecode.swift; path = ChartController.swift; sourceTree = "<group>"; };
		D6A0A647279A87D500FDFE0E /* TVCExtension.swift */ = {isa = PBXFileReference; lastKnownFileType = sourcecode.swift; path = TVCExtension.swift; sourceTree = "<group>"; };
		D6A0A649279A8E5F00FDFE0E /* AppDetailController.swift */ = {isa = PBXFileReference; lastKnownFileType = sourcecode.swift; path = AppDetailController.swift; sourceTree = "<group>"; };
		D6A0A64D279AA50F00FDFE0E /* AppDetailTableViewController.swift */ = {isa = PBXFileReference; lastKnownFileType = sourcecode.swift; path = AppDetailTableViewController.swift; sourceTree = "<group>"; };
		D6A0A64F279BAE6800FDFE0E /* AppPreviewCollectionViewCell.swift */ = {isa = PBXFileReference; lastKnownFileType = sourcecode.swift; path = AppPreviewCollectionViewCell.swift; sourceTree = "<group>"; };
		D6E94372279BE95600821A38 /* AppDetailExtension.swift */ = {isa = PBXFileReference; lastKnownFileType = sourcecode.swift; path = AppDetailExtension.swift; sourceTree = "<group>"; };
/* End PBXFileReference section */

/* Begin PBXFrameworksBuildPhase section */
		D6A0A61D279A3C7800FDFE0E /* Frameworks */ = {
			isa = PBXFrameworksBuildPhase;
			buildActionMask = 2147483647;
			files = (
			);
			runOnlyForDeploymentPostprocessing = 0;
		};
/* End PBXFrameworksBuildPhase section */

/* Begin PBXGroup section */
		D6A0A617279A3C7700FDFE0E = {
			isa = PBXGroup;
			children = (
				D6A0A622279A3C7800FDFE0E /* Homework59AppStoreChart */,
				D6A0A621279A3C7800FDFE0E /* Products */,
			);
			sourceTree = "<group>";
		};
		D6A0A621279A3C7800FDFE0E /* Products */ = {
			isa = PBXGroup;
			children = (
				D6A0A620279A3C7800FDFE0E /* Homework59AppStoreChart.app */,
			);
			name = Products;
			sourceTree = "<group>";
		};
		D6A0A622279A3C7800FDFE0E /* Homework59AppStoreChart */ = {
			isa = PBXGroup;
			children = (
				D6A0A623279A3C7800FDFE0E /* AppDelegate.swift */,
				D6A0A625279A3C7800FDFE0E /* SceneDelegate.swift */,
				D6A0A629279A3C7800FDFE0E /* Main.storyboard */,
				D6A0A64D279AA50F00FDFE0E /* AppDetailTableViewController.swift */,
				D6E94372279BE95600821A38 /* AppDetailExtension.swift */,
				D6A0A64F279BAE6800FDFE0E /* AppPreviewCollectionViewCell.swift */,
				D6A0A639279A51DD00FDFE0E /* AppTableViewCell.swift */,
				D6A0A63B279A524000FDFE0E /* FreeAppsTableViewController.swift */,
				D6A0A641279A554F00FDFE0E /* PaidAppsTableViewController.swift */,
				D6A0A637279A4E2800FDFE0E /* ChartViewController.swift */,
				D6A0A647279A87D500FDFE0E /* TVCExtension.swift */,
				D6A0A651279BAE8400FDFE0E /* Model */,
				D6A0A62C279A3C7B00FDFE0E /* Assets.xcassets */,
				D6A0A62E279A3C7B00FDFE0E /* LaunchScreen.storyboard */,
				D6A0A631279A3C7B00FDFE0E /* Info.plist */,
			);
			path = Homework59AppStoreChart;
			sourceTree = "<group>";
		};
		D6A0A651279BAE8400FDFE0E /* Model */ = {
			isa = PBXGroup;
			children = (
				D6A0A643279A559100FDFE0E /* ChartController.swift */,
				D6A0A649279A8E5F00FDFE0E /* AppDetailController.swift */,
				D6A0A63D279A531B00FDFE0E /* APIResponse.swift */,
			);
			path = Model;
			sourceTree = "<group>";
		};
/* End PBXGroup section */

/* Begin PBXNativeTarget section */
		D6A0A61F279A3C7800FDFE0E /* Homework59AppStoreChart */ = {
			isa = PBXNativeTarget;
			buildConfigurationList = D6A0A634279A3C7B00FDFE0E /* Build configuration list for PBXNativeTarget "Homework59AppStoreChart" */;
			buildPhases = (
				D6A0A61C279A3C7800FDFE0E /* Sources */,
				D6A0A61D279A3C7800FDFE0E /* Frameworks */,
				D6A0A61E279A3C7800FDFE0E /* Resources */,
			);
			buildRules = (
			);
			dependencies = (
			);
			name = Homework59AppStoreChart;
			productName = Homework59AppStoreChart;
			productReference = D6A0A620279A3C7800FDFE0E /* Homework59AppStoreChart.app */;
			productType = "com.apple.product-type.application";
		};
/* End PBXNativeTarget section */

/* Begin PBXProject section */
		D6A0A618279A3C7700FDFE0E /* Project object */ = {
			isa = PBXProject;
			attributes = {
				BuildIndependentTargetsInParallel = 1;
				LastSwiftUpdateCheck = 1320;
				LastUpgradeCheck = 1320;
				TargetAttributes = {
					D6A0A61F279A3C7800FDFE0E = {
						CreatedOnToolsVersion = 13.2.1;
					};
				};
			};
			buildConfigurationList = D6A0A61B279A3C7700FDFE0E /* Build configuration list for PBXProject "Homework59AppStoreChart" */;
			compatibilityVersion = "Xcode 13.0";
			developmentRegion = en;
			hasScannedForEncodings = 0;
			knownRegions = (
				en,
				Base,
			);
			mainGroup = D6A0A617279A3C7700FDFE0E;
			productRefGroup = D6A0A621279A3C7800FDFE0E /* Products */;
			projectDirPath = "";
			projectRoot = "";
			targets = (
				D6A0A61F279A3C7800FDFE0E /* Homework59AppStoreChart */,
			);
		};
/* End PBXProject section */

/* Begin PBXResourcesBuildPhase section */
		D6A0A61E279A3C7800FDFE0E /* Resources */ = {
			isa = PBXResourcesBuildPhase;
			buildActionMask = 2147483647;
			files = (
				D6A0A630279A3C7B00FDFE0E /* LaunchScreen.storyboard in Resources */,
				D6A0A62D279A3C7B00FDFE0E /* Assets.xcassets in Resources */,
				D6A0A62B279A3C7800FDFE0E /* Main.storyboard in Resources */,
			);
			runOnlyForDeploymentPostprocessing = 0;
		};
/* End PBXResourcesBuildPhase section */

/* Begin PBXSourcesBuildPhase section */
		D6A0A61C279A3C7800FDFE0E /* Sources */ = {
			isa = PBXSourcesBuildPhase;
			buildActionMask = 2147483647;
			files = (
				D6E94373279BE95600821A38 /* AppDetailExtension.swift in Sources */,
				D6A0A64E279AA50F00FDFE0E /* AppDetailTableViewController.swift in Sources */,
				D6A0A624279A3C7800FDFE0E /* AppDelegate.swift in Sources */,
				D6A0A63A279A51DD00FDFE0E /* AppTableViewCell.swift in Sources */,
				D6A0A650279BAE6800FDFE0E /* AppPreviewCollectionViewCell.swift in Sources */,
				D6A0A63E279A531B00FDFE0E /* APIResponse.swift in Sources */,
				D6A0A648279A87D600FDFE0E /* TVCExtension.swift in Sources */,
				D6A0A63C279A524000FDFE0E /* FreeAppsTableViewController.swift in Sources */,
				D6A0A626279A3C7800FDFE0E /* SceneDelegate.swift in Sources */,
				D6A0A644279A559100FDFE0E /* ChartController.swift in Sources */,
				D6A0A638279A4E2800FDFE0E /* ChartViewController.swift in Sources */,
				D6A0A64A279A8E5F00FDFE0E /* AppDetailController.swift in Sources */,
				D6A0A642279A554F00FDFE0E /* PaidAppsTableViewController.swift in Sources */,
			);
			runOnlyForDeploymentPostprocessing = 0;
		};
/* End PBXSourcesBuildPhase section */

/* Begin PBXVariantGroup section */
		D6A0A629279A3C7800FDFE0E /* Main.storyboard */ = {
			isa = PBXVariantGroup;
			children = (
				D6A0A62A279A3C7800FDFE0E /* Base */,
			);
			name = Main.storyboard;
			sourceTree = "<group>";
		};
		D6A0A62E279A3C7B00FDFE0E /* LaunchScreen.storyboard */ = {
			isa = PBXVariantGroup;
			children = (
				D6A0A62F279A3C7B00FDFE0E /* Base */,
			);
			name = LaunchScreen.storyboard;
			sourceTree = "<group>";
		};
/* End PBXVariantGroup section */

/* Begin XCBuildConfiguration section */
		D6A0A632279A3C7B00FDFE0E /* Debug */ = {
			isa = XCBuildConfiguration;
			buildSettings = {
				ALWAYS_SEARCH_USER_PATHS = NO;
				CLANG_ANALYZER_NONNULL = YES;
				CLANG_ANALYZER_NUMBER_OBJECT_CONVERSION = YES_AGGRESSIVE;
				CLANG_CXX_LANGUAGE_STANDARD = "gnu++17";
				CLANG_CXX_LIBRARY = "libc++";
				CLANG_ENABLE_MODULES = YES;
				CLANG_ENABLE_OBJC_ARC = YES;
				CLANG_ENABLE_OBJC_WEAK = YES;
				CLANG_WARN_BLOCK_CAPTURE_AUTORELEASING = YES;
				CLANG_WARN_BOOL_CONVERSION = YES;
				CLANG_WARN_COMMA = YES;
				CLANG_WARN_CONSTANT_CONVERSION = YES;
				CLANG_WARN_DEPRECATED_OBJC_IMPLEMENTATIONS = YES;
				CLANG_WARN_DIRECT_OBJC_ISA_USAGE = YES_ERROR;
				CLANG_WARN_DOCUMENTATION_COMMENTS = YES;
				CLANG_WARN_EMPTY_BODY = YES;
				CLANG_WARN_ENUM_CONVERSION = YES;
				CLANG_WARN_INFINITE_RECURSION = YES;
				CLANG_WARN_INT_CONVERSION = YES;
				CLANG_WARN_NON_LITERAL_NULL_CONVERSION = YES;
				CLANG_WARN_OBJC_IMPLICIT_RETAIN_SELF = YES;
				CLANG_WARN_OBJC_LITERAL_CONVERSION = YES;
				CLANG_WARN_OBJC_ROOT_CLASS = YES_ERROR;
				CLANG_WARN_QUOTED_INCLUDE_IN_FRAMEWORK_HEADER = YES;
				CLANG_WARN_RANGE_LOOP_ANALYSIS = YES;
				CLANG_WARN_STRICT_PROTOTYPES = YES;
				CLANG_WARN_SUSPICIOUS_MOVE = YES;
				CLANG_WARN_UNGUARDED_AVAILABILITY = YES_AGGRESSIVE;
				CLANG_WARN_UNREACHABLE_CODE = YES;
				CLANG_WARN__DUPLICATE_METHOD_MATCH = YES;
				COPY_PHASE_STRIP = NO;
				DEBUG_INFORMATION_FORMAT = dwarf;
				ENABLE_STRICT_OBJC_MSGSEND = YES;
				ENABLE_TESTABILITY = YES;
				GCC_C_LANGUAGE_STANDARD = gnu11;
				GCC_DYNAMIC_NO_PIC = NO;
				GCC_NO_COMMON_BLOCKS = YES;
				GCC_OPTIMIZATION_LEVEL = 0;
				GCC_PREPROCESSOR_DEFINITIONS = (
					"DEBUG=1",
					"$(inherited)",
				);
				GCC_WARN_64_TO_32_BIT_CONVERSION = YES;
				GCC_WARN_ABOUT_RETURN_TYPE = YES_ERROR;
				GCC_WARN_UNDECLARED_SELECTOR = YES;
				GCC_WARN_UNINITIALIZED_AUTOS = YES_AGGRESSIVE;
				GCC_WARN_UNUSED_FUNCTION = YES;
				GCC_WARN_UNUSED_VARIABLE = YES;
				IPHONEOS_DEPLOYMENT_TARGET = 15.2;
				MTL_ENABLE_DEBUG_INFO = INCLUDE_SOURCE;
				MTL_FAST_MATH = YES;
				ONLY_ACTIVE_ARCH = YES;
				SDKROOT = iphoneos;
				SWIFT_ACTIVE_COMPILATION_CONDITIONS = DEBUG;
				SWIFT_OPTIMIZATION_LEVEL = "-Onone";
			};
			name = Debug;
		};
		D6A0A633279A3C7B00FDFE0E /* Release */ = {
			isa = XCBuildConfiguration;
			buildSettings = {
				ALWAYS_SEARCH_USER_PATHS = NO;
				CLANG_ANALYZER_NONNULL = YES;
				CLANG_ANALYZER_NUMBER_OBJECT_CONVERSION = YES_AGGRESSIVE;
				CLANG_CXX_LANGUAGE_STANDARD = "gnu++17";
				CLANG_CXX_LIBRARY = "libc++";
				CLANG_ENABLE_MODULES = YES;
				CLANG_ENABLE_OBJC_ARC = YES;
				CLANG_ENABLE_OBJC_WEAK = YES;
				CLANG_WARN_BLOCK_CAPTURE_AUTORELEASING = YES;
				CLANG_WARN_BOOL_CONVERSION = YES;
				CLANG_WARN_COMMA = YES;
				CLANG_WARN_CONSTANT_CONVERSION = YES;
				CLANG_WARN_DEPRECATED_OBJC_IMPLEMENTATIONS = YES;
				CLANG_WARN_DIRECT_OBJC_ISA_USAGE = YES_ERROR;
				CLANG_WARN_DOCUMENTATION_COMMENTS = YES;
				CLANG_WARN_EMPTY_BODY = YES;
				CLANG_WARN_ENUM_CONVERSION = YES;
				CLANG_WARN_INFINITE_RECURSION = YES;
				CLANG_WARN_INT_CONVERSION = YES;
				CLANG_WARN_NON_LITERAL_NULL_CONVERSION = YES;
				CLANG_WARN_OBJC_IMPLICIT_RETAIN_SELF = YES;
				CLANG_WARN_OBJC_LITERAL_CONVERSION = YES;
				CLANG_WARN_OBJC_ROOT_CLASS = YES_ERROR;
				CLANG_WARN_QUOTED_INCLUDE_IN_FRAMEWORK_HEADER = YES;
				CLANG_WARN_RANGE_LOOP_ANALYSIS = YES;
				CLANG_WARN_STRICT_PROTOTYPES = YES;
				CLANG_WARN_SUSPICIOUS_MOVE = YES;
				CLANG_WARN_UNGUARDED_AVAILABILITY = YES_AGGRESSIVE;
				CLANG_WARN_UNREACHABLE_CODE = YES;
				CLANG_WARN__DUPLICATE_METHOD_MATCH = YES;
				COPY_PHASE_STRIP = NO;
				DEBUG_INFORMATION_FORMAT = "dwarf-with-dsym";
				ENABLE_NS_ASSERTIONS = NO;
				ENABLE_STRICT_OBJC_MSGSEND = YES;
				GCC_C_LANGUAGE_STANDARD = gnu11;
				GCC_NO_COMMON_BLOCKS = YES;
				GCC_WARN_64_TO_32_BIT_CONVERSION = YES;
				GCC_WARN_ABOUT_RETURN_TYPE = YES_ERROR;
				GCC_WARN_UNDECLARED_SELECTOR = YES;
				GCC_WARN_UNINITIALIZED_AUTOS = YES_AGGRESSIVE;
				GCC_WARN_UNUSED_FUNCTION = YES;
				GCC_WARN_UNUSED_VARIABLE = YES;
				IPHONEOS_DEPLOYMENT_TARGET = 15.2;
				MTL_ENABLE_DEBUG_INFO = NO;
				MTL_FAST_MATH = YES;
				SDKROOT = iphoneos;
				SWIFT_COMPILATION_MODE = wholemodule;
				SWIFT_OPTIMIZATION_LEVEL = "-O";
				VALIDATE_PRODUCT = YES;
			};
			name = Release;
		};
		D6A0A635279A3C7B00FDFE0E /* Debug */ = {
			isa = XCBuildConfiguration;
			buildSettings = {
				ASSETCATALOG_COMPILER_APPICON_NAME = AppIcon;
				ASSETCATALOG_COMPILER_GLOBAL_ACCENT_COLOR_NAME = AccentColor;
				CODE_SIGN_STYLE = Automatic;
				CURRENT_PROJECT_VERSION = 1;
				DEVELOPMENT_TEAM = F25SU568R8;
				GENERATE_INFOPLIST_FILE = YES;
				INFOPLIST_FILE = Homework59AppStoreChart/Info.plist;
				INFOPLIST_KEY_UIApplicationSupportsIndirectInputEvents = YES;
				INFOPLIST_KEY_UILaunchStoryboardName = LaunchScreen;
				INFOPLIST_KEY_UIMainStoryboardFile = Main;
				INFOPLIST_KEY_UISupportedInterfaceOrientations_iPad = "UIInterfaceOrientationPortrait UIInterfaceOrientationPortraitUpsideDown UIInterfaceOrientationLandscapeLeft UIInterfaceOrientationLandscapeRight";
				INFOPLIST_KEY_UISupportedInterfaceOrientations_iPhone = "UIInterfaceOrientationPortrait UIInterfaceOrientationLandscapeLeft UIInterfaceOrientationLandscapeRight";
				LD_RUNPATH_SEARCH_PATHS = (
					"$(inherited)",
					"@executable_path/Frameworks",
				);
				MARKETING_VERSION = 1.0;
				PRODUCT_BUNDLE_IDENTIFIER = learnIOS.Homework59AppStoreChart;
				PRODUCT_NAME = "$(TARGET_NAME)";
				SWIFT_EMIT_LOC_STRINGS = YES;
				SWIFT_VERSION = 5.0;
				TARGETED_DEVICE_FAMILY = "1,2";
			};
			name = Debug;
		};
		D6A0A636279A3C7B00FDFE0E /* Release */ = {
			isa = XCBuildConfiguration;
			buildSettings = {
				ASSETCATALOG_COMPILER_APPICON_NAME = AppIcon;
				ASSETCATALOG_COMPILER_GLOBAL_ACCENT_COLOR_NAME = AccentColor;
				CODE_SIGN_STYLE = Automatic;
				CURRENT_PROJECT_VERSION = 1;
				DEVELOPMENT_TEAM = F25SU568R8;
				GENERATE_INFOPLIST_FILE = YES;
				INFOPLIST_FILE = Homework59AppStoreChart/Info.plist;
				INFOPLIST_KEY_UIApplicationSupportsIndirectInputEvents = YES;
				INFOPLIST_KEY_UILaunchStoryboardName = LaunchScreen;
				INFOPLIST_KEY_UIMainStoryboardFile = Main;
				INFOPLIST_KEY_UISupportedInterfaceOrientations_iPad = "UIInterfaceOrientationPortrait UIInterfaceOrientationPortraitUpsideDown UIInterfaceOrientationLandscapeLeft UIInterfaceOrientationLandscapeRight";
				INFOPLIST_KEY_UISupportedInterfaceOrientations_iPhone = "UIInterfaceOrientationPortrait UIInterfaceOrientationLandscapeLeft UIInterfaceOrientationLandscapeRight";
				LD_RUNPATH_SEARCH_PATHS = (
					"$(inherited)",
					"@executable_path/Frameworks",
				);
				MARKETING_VERSION = 1.0;
				PRODUCT_BUNDLE_IDENTIFIER = learnIOS.Homework59AppStoreChart;
				PRODUCT_NAME = "$(TARGET_NAME)";
				SWIFT_EMIT_LOC_STRINGS = YES;
				SWIFT_VERSION = 5.0;
				TARGETED_DEVICE_FAMILY = "1,2";
			};
			name = Release;
		};
/* End XCBuildConfiguration section */

/* Begin XCConfigurationList section */
		D6A0A61B279A3C7700FDFE0E /* Build configuration list for PBXProject "Homework59AppStoreChart" */ = {
			isa = XCConfigurationList;
			buildConfigurations = (
				D6A0A632279A3C7B00FDFE0E /* Debug */,
				D6A0A633279A3C7B00FDFE0E /* Release */,
			);
			defaultConfigurationIsVisible = 0;
			defaultConfigurationName = Release;
		};
		D6A0A634279A3C7B00FDFE0E /* Build configuration list for PBXNativeTarget "Homework59AppStoreChart" */ = {
			isa = XCConfigurationList;
			buildConfigurations = (
				D6A0A635279A3C7B00FDFE0E /* Debug */,
				D6A0A636279A3C7B00FDFE0E /* Release */,
			);
			defaultConfigurationIsVisible = 0;
			defaultConfigurationName = Release;
		};
/* End XCConfigurationList section */
	};
	rootObject = D6A0A618279A3C7700FDFE0E /* Project object */;
}
